
Microsoft Visual Studio Solution File, Format Version 12.00
# Visual Studio 14
VisualStudioVersion = 14.0.25420.1
MinimumVisualStudioVersion = 10.0.40219.1
Project("{FAE04EC0-301F-11D3-BF4B-00C04F79EFBC}") = "UserInterface", "UserInterface\UserInterface.csproj", "{B1CE1948-2646-48A0-B815-2C9EFD9CF62D}"
EndProject
Project("{FAE04EC0-301F-11D3-BF4B-00C04F79EFBC}") = "BayesianNetwork", "BayesianNetwork\BayesianNetwork.csproj", "{9B6108A0-1D3C-4B04-AA12-80F00446CCB5}"
EndProject
Global
	GlobalSection(SolutionConfigurationPlatforms) = preSolution
		Debug|Any CPU = Debug|Any CPU
		Release|Any CPU = Release|Any CPU
	EndGlobalSection
	GlobalSection(ProjectConfigurationPlatforms) = postSolution
		{B1CE1948-2646-48A0-B815-2C9EFD9CF62D}.Debug|Any CPU.ActiveCfg = Debug|Any CPU
		{B1CE1948-2646-48A0-B815-2C9EFD9CF62D}.Debug|Any CPU.Build.0 = Debug|Any CPU
		{B1CE1948-2646-48A0-B815-2C9EFD9CF62D}.Release|Any CPU.ActiveCfg = Release|Any CPU
		{B1CE1948-2646-48A0-B815-2C9EFD9CF62D}.Release|Any CPU.Build.0 = Release|Any CPU
		{9B6108A0-1D3C-4B04-AA12-80F00446CCB5}.Debug|Any CPU.ActiveCfg = Debug|Any CPU
		{9B6108A0-1D3C-4B04-AA12-80F00446CCB5}.Debug|Any CPU.Build.0 = Debug|Any CPU
		{9B6108A0-1D3C-4B04-AA12-80F00446CCB5}.Release|Any CPU.ActiveCfg = Release|Any CPU
		{9B6108A0-1D3C-4B04-AA12-80F00446CCB5}.Release|Any CPU.Build.0 = Release|Any CPU
	EndGlobalSection
	GlobalSection(SolutionProperties) = preSolution
		HideSolutionNode = FALSE
	EndGlobalSection
EndGlobal
