
Microsoft Visual Studio Solution File, Format Version 12.00
# Visual Studio 2012
Project("{FAE04EC0-301F-11D3-BF4B-00C04F79EFBC}") = "UserInterface", "UserInterface\UserInterface.csproj", "{B1CE1948-2646-48A0-B815-2C9EFD9CF62D}"
EndProject
Project("{FAE04EC0-301F-11D3-BF4B-00C04F79EFBC}") = "BayesianNetwork", "BayesianNetwork\BayesianNetwork.csproj", "{9B6108A0-1D3C-4B04-AA12-80F00446CCB5}"
EndProject
Project("{FAE04EC0-301F-11D3-BF4B-00C04F79EFBC}") = "BayesianNetwork.Tests", "BayesianNetwork.Tests\BayesianNetwork.Tests.csproj", "{F974C048-06CE-4B9B-909E-7F6311A1096A}"
EndProject
Project("{FAE04EC0-301F-11D3-BF4B-00C04F79EFBC}") = "NetworkParser", "NetworkParser\NetworkParser.csproj", "{55C4DCC3-F1B1-472C-9147-5BF53E08E34E}"
EndProject
Project("{FAE04EC0-301F-11D3-BF4B-00C04F79EFBC}") = "Parser.Tests", "Parser.Tests\Parser.Tests.csproj", "{7E6DCF98-8C9F-43A8-AFAF-66AE36EE193B}"
EndProject
Global
	GlobalSection(SolutionConfigurationPlatforms) = preSolution
		Debug|Any CPU = Debug|Any CPU
		Release|Any CPU = Release|Any CPU
	EndGlobalSection
	GlobalSection(ProjectConfigurationPlatforms) = postSolution
		{B1CE1948-2646-48A0-B815-2C9EFD9CF62D}.Debug|Any CPU.ActiveCfg = Debug|Any CPU
		{B1CE1948-2646-48A0-B815-2C9EFD9CF62D}.Debug|Any CPU.Build.0 = Debug|Any CPU
		{B1CE1948-2646-48A0-B815-2C9EFD9CF62D}.Release|Any CPU.ActiveCfg = Release|Any CPU
		{B1CE1948-2646-48A0-B815-2C9EFD9CF62D}.Release|Any CPU.Build.0 = Release|Any CPU
		{9B6108A0-1D3C-4B04-AA12-80F00446CCB5}.Debug|Any CPU.ActiveCfg = Debug|Any CPU
		{9B6108A0-1D3C-4B04-AA12-80F00446CCB5}.Debug|Any CPU.Build.0 = Debug|Any CPU
		{9B6108A0-1D3C-4B04-AA12-80F00446CCB5}.Release|Any CPU.ActiveCfg = Release|Any CPU
		{9B6108A0-1D3C-4B04-AA12-80F00446CCB5}.Release|Any CPU.Build.0 = Release|Any CPU
		{F974C048-06CE-4B9B-909E-7F6311A1096A}.Debug|Any CPU.ActiveCfg = Debug|Any CPU
		{F974C048-06CE-4B9B-909E-7F6311A1096A}.Debug|Any CPU.Build.0 = Debug|Any CPU
		{F974C048-06CE-4B9B-909E-7F6311A1096A}.Release|Any CPU.ActiveCfg = Release|Any CPU
		{F974C048-06CE-4B9B-909E-7F6311A1096A}.Release|Any CPU.Build.0 = Release|Any CPU
		{55C4DCC3-F1B1-472C-9147-5BF53E08E34E}.Debug|Any CPU.ActiveCfg = Debug|Any CPU
		{55C4DCC3-F1B1-472C-9147-5BF53E08E34E}.Debug|Any CPU.Build.0 = Debug|Any CPU
		{55C4DCC3-F1B1-472C-9147-5BF53E08E34E}.Release|Any CPU.ActiveCfg = Release|Any CPU
		{55C4DCC3-F1B1-472C-9147-5BF53E08E34E}.Release|Any CPU.Build.0 = Release|Any CPU
		{7E6DCF98-8C9F-43A8-AFAF-66AE36EE193B}.Debug|Any CPU.ActiveCfg = Debug|Any CPU
		{7E6DCF98-8C9F-43A8-AFAF-66AE36EE193B}.Debug|Any CPU.Build.0 = Debug|Any CPU
		{7E6DCF98-8C9F-43A8-AFAF-66AE36EE193B}.Release|Any CPU.ActiveCfg = Release|Any CPU
		{7E6DCF98-8C9F-43A8-AFAF-66AE36EE193B}.Release|Any CPU.Build.0 = Release|Any CPU
	EndGlobalSection
	GlobalSection(SolutionProperties) = preSolution
		HideSolutionNode = FALSE
	EndGlobalSection
EndGlobal
